// !$*UTF8*$!
{
	archiveVersion = 1;
	classes = {
	};
	objectVersion = 55;
	objects = {

/* Begin PBXBuildFile section */
		AD4EF7022872B84C000F28FD /* AppDelegate.swift in Sources */ = {isa = PBXBuildFile; fileRef = AD4EF7012872B84C000F28FD /* AppDelegate.swift */; };
		AD4EF7042872B84C000F28FD /* SceneDelegate.swift in Sources */ = {isa = PBXBuildFile; fileRef = AD4EF7032872B84C000F28FD /* SceneDelegate.swift */; };
		AD4EF7062872B84C000F28FD /* ViewController.swift in Sources */ = {isa = PBXBuildFile; fileRef = AD4EF7052872B84C000F28FD /* ViewController.swift */; };
		AD4EF70B2872B84F000F28FD /* Assets.xcassets in Resources */ = {isa = PBXBuildFile; fileRef = AD4EF70A2872B84F000F28FD /* Assets.xcassets */; };
		AD4EF70E2872B84F000F28FD /* LaunchScreen.storyboard in Resources */ = {isa = PBXBuildFile; fileRef = AD4EF70C2872B84F000F28FD /* LaunchScreen.storyboard */; };
		AD4EF7192872B84F000F28FD /* InfiniteLayoutExampleTests.swift in Sources */ = {isa = PBXBuildFile; fileRef = AD4EF7182872B84F000F28FD /* InfiniteLayoutExampleTests.swift */; };
		AD4EF7232872B84F000F28FD /* InfiniteLayoutExampleUITests.swift in Sources */ = {isa = PBXBuildFile; fileRef = AD4EF7222872B84F000F28FD /* InfiniteLayoutExampleUITests.swift */; };
		AD4EF7252872B84F000F28FD /* InfiniteLayoutExampleUITestsLaunchTests.swift in Sources */ = {isa = PBXBuildFile; fileRef = AD4EF7242872B84F000F28FD /* InfiniteLayoutExampleUITestsLaunchTests.swift */; };
/* End PBXBuildFile section */

/* Begin PBXContainerItemProxy section */
		AD4EF7152872B84F000F28FD /* PBXContainerItemProxy */ = {
			isa = PBXContainerItemProxy;
			containerPortal = AD4EF6F62872B84C000F28FD /* Project object */;
			proxyType = 1;
			remoteGlobalIDString = AD4EF6FD2872B84C000F28FD;
			remoteInfo = InfiniteLayoutExample;
		};
		AD4EF71F2872B84F000F28FD /* PBXContainerItemProxy */ = {
			isa = PBXContainerItemProxy;
			containerPortal = AD4EF6F62872B84C000F28FD /* Project object */;
			proxyType = 1;
			remoteGlobalIDString = AD4EF6FD2872B84C000F28FD;
			remoteInfo = InfiniteLayoutExample;
		};
/* End PBXContainerItemProxy section */

/* Begin PBXFileReference section */
		AD4EF6FE2872B84C000F28FD /* InfiniteLayoutExample.app */ = {isa = PBXFileReference; explicitFileType = wrapper.application; includeInIndex = 0; path = InfiniteLayoutExample.app; sourceTree = BUILT_PRODUCTS_DIR; };
		AD4EF7012872B84C000F28FD /* AppDelegate.swift */ = {isa = PBXFileReference; lastKnownFileType = sourcecode.swift; path = AppDelegate.swift; sourceTree = "<group>"; };
		AD4EF7032872B84C000F28FD /* SceneDelegate.swift */ = {isa = PBXFileReference; lastKnownFileType = sourcecode.swift; path = SceneDelegate.swift; sourceTree = "<group>"; };
		AD4EF7052872B84C000F28FD /* ViewController.swift */ = {isa = PBXFileReference; lastKnownFileType = sourcecode.swift; path = ViewController.swift; sourceTree = "<group>"; };
		AD4EF70A2872B84F000F28FD /* Assets.xcassets */ = {isa = PBXFileReference; lastKnownFileType = folder.assetcatalog; path = Assets.xcassets; sourceTree = "<group>"; };
		AD4EF70D2872B84F000F28FD /* Base */ = {isa = PBXFileReference; lastKnownFileType = file.storyboard; name = Base; path = Base.lproj/LaunchScreen.storyboard; sourceTree = "<group>"; };
		AD4EF70F2872B84F000F28FD /* Info.plist */ = {isa = PBXFileReference; lastKnownFileType = text.plist.xml; path = Info.plist; sourceTree = "<group>"; };
		AD4EF7142872B84F000F28FD /* InfiniteLayoutExampleTests.xctest */ = {isa = PBXFileReference; explicitFileType = wrapper.cfbundle; includeInIndex = 0; path = InfiniteLayoutExampleTests.xctest; sourceTree = BUILT_PRODUCTS_DIR; };
		AD4EF7182872B84F000F28FD /* InfiniteLayoutExampleTests.swift */ = {isa = PBXFileReference; lastKnownFileType = sourcecode.swift; path = InfiniteLayoutExampleTests.swift; sourceTree = "<group>"; };
		AD4EF71E2872B84F000F28FD /* InfiniteLayoutExampleUITests.xctest */ = {isa = PBXFileReference; explicitFileType = wrapper.cfbundle; includeInIndex = 0; path = InfiniteLayoutExampleUITests.xctest; sourceTree = BUILT_PRODUCTS_DIR; };
		AD4EF7222872B84F000F28FD /* InfiniteLayoutExampleUITests.swift */ = {isa = PBXFileReference; lastKnownFileType = sourcecode.swift; path = InfiniteLayoutExampleUITests.swift; sourceTree = "<group>"; };
		AD4EF7242872B84F000F28FD /* InfiniteLayoutExampleUITestsLaunchTests.swift */ = {isa = PBXFileReference; lastKnownFileType = sourcecode.swift; path = InfiniteLayoutExampleUITestsLaunchTests.swift; sourceTree = "<group>"; };
/* End PBXFileReference section */

/* Begin PBXFrameworksBuildPhase section */
		AD4EF6FB2872B84C000F28FD /* Frameworks */ = {
			isa = PBXFrameworksBuildPhase;
			buildActionMask = 2147483647;
			files = (
			);
			runOnlyForDeploymentPostprocessing = 0;
		};
		AD4EF7112872B84F000F28FD /* Frameworks */ = {
			isa = PBXFrameworksBuildPhase;
			buildActionMask = 2147483647;
			files = (
			);
			runOnlyForDeploymentPostprocessing = 0;
		};
		AD4EF71B2872B84F000F28FD /* Frameworks */ = {
			isa = PBXFrameworksBuildPhase;
			buildActionMask = 2147483647;
			files = (
			);
			runOnlyForDeploymentPostprocessing = 0;
		};
/* End PBXFrameworksBuildPhase section */

/* Begin PBXGroup section */
		AD4EF6F52872B84C000F28FD = {
			isa = PBXGroup;
			children = (
				AD4EF7002872B84C000F28FD /* InfiniteLayoutExample */,
				AD4EF7172872B84F000F28FD /* InfiniteLayoutExampleTests */,
				AD4EF7212872B84F000F28FD /* InfiniteLayoutExampleUITests */,
				AD4EF6FF2872B84C000F28FD /* Products */,
			);
			sourceTree = "<group>";
		};
		AD4EF6FF2872B84C000F28FD /* Products */ = {
			isa = PBXGroup;
			children = (
				AD4EF6FE2872B84C000F28FD /* InfiniteLayoutExample.app */,
				AD4EF7142872B84F000F28FD /* InfiniteLayoutExampleTests.xctest */,
				AD4EF71E2872B84F000F28FD /* InfiniteLayoutExampleUITests.xctest */,
			);
			name = Products;
			sourceTree = "<group>";
		};
		AD4EF7002872B84C000F28FD /* InfiniteLayoutExample */ = {
			isa = PBXGroup;
			children = (
				AD4EF7012872B84C000F28FD /* AppDelegate.swift */,
				AD4EF7032872B84C000F28FD /* SceneDelegate.swift */,
				AD4EF7052872B84C000F28FD /* ViewController.swift */,
				AD4EF70A2872B84F000F28FD /* Assets.xcassets */,
				AD4EF70C2872B84F000F28FD /* LaunchScreen.storyboard */,
				AD4EF70F2872B84F000F28FD /* Info.plist */,
			);
			path = InfiniteLayoutExample;
			sourceTree = "<group>";
		};
		AD4EF7172872B84F000F28FD /* InfiniteLayoutExampleTests */ = {
			isa = PBXGroup;
			children = (
				AD4EF7182872B84F000F28FD /* InfiniteLayoutExampleTests.swift */,
			);
			path = InfiniteLayoutExampleTests;
			sourceTree = "<group>";
		};
		AD4EF7212872B84F000F28FD /* InfiniteLayoutExampleUITests */ = {
			isa = PBXGroup;
			children = (
				AD4EF7222872B84F000F28FD /* InfiniteLayoutExampleUITests.swift */,
				AD4EF7242872B84F000F28FD /* InfiniteLayoutExampleUITestsLaunchTests.swift */,
			);
			path = InfiniteLayoutExampleUITests;
			sourceTree = "<group>";
		};
/* End PBXGroup section */

/* Begin PBXNativeTarget section */
		AD4EF6FD2872B84C000F28FD /* InfiniteLayoutExample */ = {
			isa = PBXNativeTarget;
			buildConfigurationList = AD4EF7282872B84F000F28FD /* Build configuration list for PBXNativeTarget "InfiniteLayoutExample" */;
			buildPhases = (
				AD4EF6FA2872B84C000F28FD /* Sources */,
				AD4EF6FB2872B84C000F28FD /* Frameworks */,
				AD4EF6FC2872B84C000F28FD /* Resources */,
			);
			buildRules = (
			);
			dependencies = (
			);
			name = InfiniteLayoutExample;
			productName = InfiniteLayoutExample;
			productReference = AD4EF6FE2872B84C000F28FD /* InfiniteLayoutExample.app */;
			productType = "com.apple.product-type.application";
		};
		AD4EF7132872B84F000F28FD /* InfiniteLayoutExampleTests */ = {
			isa = PBXNativeTarget;
			buildConfigurationList = AD4EF72B2872B84F000F28FD /* Build configuration list for PBXNativeTarget "InfiniteLayoutExampleTests" */;
			buildPhases = (
				AD4EF7102872B84F000F28FD /* Sources */,
				AD4EF7112872B84F000F28FD /* Frameworks */,
				AD4EF7122872B84F000F28FD /* Resources */,
			);
			buildRules = (
			);
			dependencies = (
				AD4EF7162872B84F000F28FD /* PBXTargetDependency */,
			);
			name = InfiniteLayoutExampleTests;
			productName = InfiniteLayoutExampleTests;
			productReference = AD4EF7142872B84F000F28FD /* InfiniteLayoutExampleTests.xctest */;
			productType = "com.apple.product-type.bundle.unit-test";
		};
		AD4EF71D2872B84F000F28FD /* InfiniteLayoutExampleUITests */ = {
			isa = PBXNativeTarget;
			buildConfigurationList = AD4EF72E2872B84F000F28FD /* Build configuration list for PBXNativeTarget "InfiniteLayoutExampleUITests" */;
			buildPhases = (
				AD4EF71A2872B84F000F28FD /* Sources */,
				AD4EF71B2872B84F000F28FD /* Frameworks */,
				AD4EF71C2872B84F000F28FD /* Resources */,
			);
			buildRules = (
			);
			dependencies = (
				AD4EF7202872B84F000F28FD /* PBXTargetDependency */,
			);
			name = InfiniteLayoutExampleUITests;
			productName = InfiniteLayoutExampleUITests;
			productReference = AD4EF71E2872B84F000F28FD /* InfiniteLayoutExampleUITests.xctest */;
			productType = "com.apple.product-type.bundle.ui-testing";
		};
/* End PBXNativeTarget section */

/* Begin PBXProject section */
		AD4EF6F62872B84C000F28FD /* Project object */ = {
			isa = PBXProject;
			attributes = {
				BuildIndependentTargetsInParallel = 1;
				LastSwiftUpdateCheck = 1320;
				LastUpgradeCheck = 1320;
				TargetAttributes = {
					AD4EF6FD2872B84C000F28FD = {
						CreatedOnToolsVersion = 13.2.1;
					};
					AD4EF7132872B84F000F28FD = {
						CreatedOnToolsVersion = 13.2.1;
						TestTargetID = AD4EF6FD2872B84C000F28FD;
					};
					AD4EF71D2872B84F000F28FD = {
						CreatedOnToolsVersion = 13.2.1;
						TestTargetID = AD4EF6FD2872B84C000F28FD;
					};
				};
			};
			buildConfigurationList = AD4EF6F92872B84C000F28FD /* Build configuration list for PBXProject "InfiniteLayoutExample" */;
			compatibilityVersion = "Xcode 13.0";
			developmentRegion = en;
			hasScannedForEncodings = 0;
			knownRegions = (
				en,
				Base,
			);
			mainGroup = AD4EF6F52872B84C000F28FD;
			productRefGroup = AD4EF6FF2872B84C000F28FD /* Products */;
			projectDirPath = "";
			projectRoot = "";
			targets = (
				AD4EF6FD2872B84C000F28FD /* InfiniteLayoutExample */,
				AD4EF7132872B84F000F28FD /* InfiniteLayoutExampleTests */,
				AD4EF71D2872B84F000F28FD /* InfiniteLayoutExampleUITests */,
			);
		};
/* End PBXProject section */

/* Begin PBXResourcesBuildPhase section */
		AD4EF6FC2872B84C000F28FD /* Resources */ = {
			isa = PBXResourcesBuildPhase;
			buildActionMask = 2147483647;
			files = (
				AD4EF70E2872B84F000F28FD /* LaunchScreen.storyboard in Resources */,
				AD4EF70B2872B84F000F28FD /* Assets.xcassets in Resources */,
			);
			runOnlyForDeploymentPostprocessing = 0;
		};
		AD4EF7122872B84F000F28FD /* Resources */ = {
			isa = PBXResourcesBuildPhase;
			buildActionMask = 2147483647;
			files = (
			);
			runOnlyForDeploymentPostprocessing = 0;
		};
		AD4EF71C2872B84F000F28FD /* Resources */ = {
			isa = PBXResourcesBuildPhase;
			buildActionMask = 2147483647;
			files = (
			);
			runOnlyForDeploymentPostprocessing = 0;
		};
/* End PBXResourcesBuildPhase section */

/* Begin PBXSourcesBuildPhase section */
		AD4EF6FA2872B84C000F28FD /* Sources */ = {
			isa = PBXSourcesBuildPhase;
			buildActionMask = 2147483647;
			files = (
				AD4EF7062872B84C000F28FD /* ViewController.swift in Sources */,
				AD4EF7022872B84C000F28FD /* AppDelegate.swift in Sources */,
				AD4EF7042872B84C000F28FD /* SceneDelegate.swift in Sources */,
			);
			runOnlyForDeploymentPostprocessing = 0;
		};
		AD4EF7102872B84F000F28FD /* Sources */ = {
			isa = PBXSourcesBuildPhase;
			buildActionMask = 2147483647;
			files = (
				AD4EF7192872B84F000F28FD /* InfiniteLayoutExampleTests.swift in Sources */,
			);
			runOnlyForDeploymentPostprocessing = 0;
		};
		AD4EF71A2872B84F000F28FD /* Sources */ = {
			isa = PBXSourcesBuildPhase;
			buildActionMask = 2147483647;
			files = (
				AD4EF7232872B84F000F28FD /* InfiniteLayoutExampleUITests.swift in Sources */,
				AD4EF7252872B84F000F28FD /* InfiniteLayoutExampleUITestsLaunchTests.swift in Sources */,
			);
			runOnlyForDeploymentPostprocessing = 0;
		};
/* End PBXSourcesBuildPhase section */

/* Begin PBXTargetDependency section */
		AD4EF7162872B84F000F28FD /* PBXTargetDependency */ = {
			isa = PBXTargetDependency;
			target = AD4EF6FD2872B84C000F28FD /* InfiniteLayoutExample */;
			targetProxy = AD4EF7152872B84F000F28FD /* PBXContainerItemProxy */;
		};
		AD4EF7202872B84F000F28FD /* PBXTargetDependency */ = {
			isa = PBXTargetDependency;
			target = AD4EF6FD2872B84C000F28FD /* InfiniteLayoutExample */;
			targetProxy = AD4EF71F2872B84F000F28FD /* PBXContainerItemProxy */;
		};
/* End PBXTargetDependency section */

/* Begin PBXVariantGroup section */
		AD4EF70C2872B84F000F28FD /* LaunchScreen.storyboard */ = {
			isa = PBXVariantGroup;
			children = (
				AD4EF70D2872B84F000F28FD /* Base */,
			);
			name = LaunchScreen.storyboard;
			sourceTree = "<group>";
		};
/* End PBXVariantGroup section */

/* Begin XCBuildConfiguration section */
		AD4EF7262872B84F000F28FD /* Debug */ = {
			isa = XCBuildConfiguration;
			buildSettings = {
				ALWAYS_SEARCH_USER_PATHS = NO;
				CLANG_ANALYZER_NONNULL = YES;
				CLANG_ANALYZER_NUMBER_OBJECT_CONVERSION = YES_AGGRESSIVE;
				CLANG_CXX_LANGUAGE_STANDARD = "gnu++17";
				CLANG_CXX_LIBRARY = "libc++";
				CLANG_ENABLE_MODULES = YES;
				CLANG_ENABLE_OBJC_ARC = YES;
				CLANG_ENABLE_OBJC_WEAK = YES;
				CLANG_WARN_BLOCK_CAPTURE_AUTORELEASING = YES;
				CLANG_WARN_BOOL_CONVERSION = YES;
				CLANG_WARN_COMMA = YES;
				CLANG_WARN_CONSTANT_CONVERSION = YES;
				CLANG_WARN_DEPRECATED_OBJC_IMPLEMENTATIONS = YES;
				CLANG_WARN_DIRECT_OBJC_ISA_USAGE = YES_ERROR;
				CLANG_WARN_DOCUMENTATION_COMMENTS = YES;
				CLANG_WARN_EMPTY_BODY = YES;
				CLANG_WARN_ENUM_CONVERSION = YES;
				CLANG_WARN_INFINITE_RECURSION = YES;
				CLANG_WARN_INT_CONVERSION = YES;
				CLANG_WARN_NON_LITERAL_NULL_CONVERSION = YES;
				CLANG_WARN_OBJC_IMPLICIT_RETAIN_SELF = YES;
				CLANG_WARN_OBJC_LITERAL_CONVERSION = YES;
				CLANG_WARN_OBJC_ROOT_CLASS = YES_ERROR;
				CLANG_WARN_QUOTED_INCLUDE_IN_FRAMEWORK_HEADER = YES;
				CLANG_WARN_RANGE_LOOP_ANALYSIS = YES;
				CLANG_WARN_STRICT_PROTOTYPES = YES;
				CLANG_WARN_SUSPICIOUS_MOVE = YES;
				CLANG_WARN_UNGUARDED_AVAILABILITY = YES_AGGRESSIVE;
				CLANG_WARN_UNREACHABLE_CODE = YES;
				CLANG_WARN__DUPLICATE_METHOD_MATCH = YES;
				COPY_PHASE_STRIP = NO;
				DEBUG_INFORMATION_FORMAT = dwarf;
				ENABLE_STRICT_OBJC_MSGSEND = YES;
				ENABLE_TESTABILITY = YES;
				GCC_C_LANGUAGE_STANDARD = gnu11;
				GCC_DYNAMIC_NO_PIC = NO;
				GCC_NO_COMMON_BLOCKS = YES;
				GCC_OPTIMIZATION_LEVEL = 0;
				GCC_PREPROCESSOR_DEFINITIONS = (
					"DEBUG=1",
					"$(inherited)",
				);
				GCC_WARN_64_TO_32_BIT_CONVERSION = YES;
				GCC_WARN_ABOUT_RETURN_TYPE = YES_ERROR;
				GCC_WARN_UNDECLARED_SELECTOR = YES;
				GCC_WARN_UNINITIALIZED_AUTOS = YES_AGGRESSIVE;
				GCC_WARN_UNUSED_FUNCTION = YES;
				GCC_WARN_UNUSED_VARIABLE = YES;
				IPHONEOS_DEPLOYMENT_TARGET = 15.2;
				MTL_ENABLE_DEBUG_INFO = INCLUDE_SOURCE;
				MTL_FAST_MATH = YES;
				ONLY_ACTIVE_ARCH = YES;
				SDKROOT = iphoneos;
				SWIFT_ACTIVE_COMPILATION_CONDITIONS = DEBUG;
				SWIFT_OPTIMIZATION_LEVEL = "-Onone";
			};
			name = Debug;
		};
		AD4EF7272872B84F000F28FD /* Release */ = {
			isa = XCBuildConfiguration;
			buildSettings = {
				ALWAYS_SEARCH_USER_PATHS = NO;
				CLANG_ANALYZER_NONNULL = YES;
				CLANG_ANALYZER_NUMBER_OBJECT_CONVERSION = YES_AGGRESSIVE;
				CLANG_CXX_LANGUAGE_STANDARD = "gnu++17";
				CLANG_CXX_LIBRARY = "libc++";
				CLANG_ENABLE_MODULES = YES;
				CLANG_ENABLE_OBJC_ARC = YES;
				CLANG_ENABLE_OBJC_WEAK = YES;
				CLANG_WARN_BLOCK_CAPTURE_AUTORELEASING = YES;
				CLANG_WARN_BOOL_CONVERSION = YES;
				CLANG_WARN_COMMA = YES;
				CLANG_WARN_CONSTANT_CONVERSION = YES;
				CLANG_WARN_DEPRECATED_OBJC_IMPLEMENTATIONS = YES;
				CLANG_WARN_DIRECT_OBJC_ISA_USAGE = YES_ERROR;
				CLANG_WARN_DOCUMENTATION_COMMENTS = YES;
				CLANG_WARN_EMPTY_BODY = YES;
				CLANG_WARN_ENUM_CONVERSION = YES;
				CLANG_WARN_INFINITE_RECURSION = YES;
				CLANG_WARN_INT_CONVERSION = YES;
				CLANG_WARN_NON_LITERAL_NULL_CONVERSION = YES;
				CLANG_WARN_OBJC_IMPLICIT_RETAIN_SELF = YES;
				CLANG_WARN_OBJC_LITERAL_CONVERSION = YES;
				CLANG_WARN_OBJC_ROOT_CLASS = YES_ERROR;
				CLANG_WARN_QUOTED_INCLUDE_IN_FRAMEWORK_HEADER = YES;
				CLANG_WARN_RANGE_LOOP_ANALYSIS = YES;
				CLANG_WARN_STRICT_PROTOTYPES = YES;
				CLANG_WARN_SUSPICIOUS_MOVE = YES;
				CLANG_WARN_UNGUARDED_AVAILABILITY = YES_AGGRESSIVE;
				CLANG_WARN_UNREACHABLE_CODE = YES;
				CLANG_WARN__DUPLICATE_METHOD_MATCH = YES;
				COPY_PHASE_STRIP = NO;
				DEBUG_INFORMATION_FORMAT = "dwarf-with-dsym";
				ENABLE_NS_ASSERTIONS = NO;
				ENABLE_STRICT_OBJC_MSGSEND = YES;
				GCC_C_LANGUAGE_STANDARD = gnu11;
				GCC_NO_COMMON_BLOCKS = YES;
				GCC_WARN_64_TO_32_BIT_CONVERSION = YES;
				GCC_WARN_ABOUT_RETURN_TYPE = YES_ERROR;
				GCC_WARN_UNDECLARED_SELECTOR = YES;
				GCC_WARN_UNINITIALIZED_AUTOS = YES_AGGRESSIVE;
				GCC_WARN_UNUSED_FUNCTION = YES;
				GCC_WARN_UNUSED_VARIABLE = YES;
				IPHONEOS_DEPLOYMENT_TARGET = 15.2;
				MTL_ENABLE_DEBUG_INFO = NO;
				MTL_FAST_MATH = YES;
				SDKROOT = iphoneos;
				SWIFT_COMPILATION_MODE = wholemodule;
				SWIFT_OPTIMIZATION_LEVEL = "-O";
				VALIDATE_PRODUCT = YES;
			};
			name = Release;
		};
		AD4EF7292872B84F000F28FD /* Debug */ = {
			isa = XCBuildConfiguration;
			buildSettings = {
				ASSETCATALOG_COMPILER_APPICON_NAME = AppIcon;
				ASSETCATALOG_COMPILER_GLOBAL_ACCENT_COLOR_NAME = AccentColor;
				CODE_SIGN_STYLE = Automatic;
				CURRENT_PROJECT_VERSION = 1;
				DEVELOPMENT_TEAM = HDFLLXK789;
				GENERATE_INFOPLIST_FILE = YES;
				INFOPLIST_FILE = InfiniteLayoutExample/Info.plist;
				INFOPLIST_KEY_UIApplicationSupportsIndirectInputEvents = YES;
				INFOPLIST_KEY_UILaunchStoryboardName = LaunchScreen;
				INFOPLIST_KEY_UIMainStoryboardFile = "";
				INFOPLIST_KEY_UISupportedInterfaceOrientations_iPad = "UIInterfaceOrientationPortrait UIInterfaceOrientationPortraitUpsideDown UIInterfaceOrientationLandscapeLeft UIInterfaceOrientationLandscapeRight";
				INFOPLIST_KEY_UISupportedInterfaceOrientations_iPhone = "UIInterfaceOrientationPortrait UIInterfaceOrientationLandscapeLeft UIInterfaceOrientationLandscapeRight";
				LD_RUNPATH_SEARCH_PATHS = (
					"$(inherited)",
					"@executable_path/Frameworks",
				);
				MARKETING_VERSION = 1.0;
				PRODUCT_BUNDLE_IDENTIFIER = com.ycompany.InfiniteLayoutExample;
				PRODUCT_NAME = "$(TARGET_NAME)";
				SWIFT_EMIT_LOC_STRINGS = YES;
				SWIFT_VERSION = 5.0;
				TARGETED_DEVICE_FAMILY = "1,2";
			};
			name = Debug;
		};
		AD4EF72A2872B84F000F28FD /* Release */ = {
			isa = XCBuildConfiguration;
			buildSettings = {
				ASSETCATALOG_COMPILER_APPICON_NAME = AppIcon;
				ASSETCATALOG_COMPILER_GLOBAL_ACCENT_COLOR_NAME = AccentColor;
				CODE_SIGN_STYLE = Automatic;
				CURRENT_PROJECT_VERSION = 1;
				DEVELOPMENT_TEAM = HDFLLXK789;
				GENERATE_INFOPLIST_FILE = YES;
				INFOPLIST_FILE = InfiniteLayoutExample/Info.plist;
				INFOPLIST_KEY_UIApplicationSupportsIndirectInputEvents = YES;
				INFOPLIST_KEY_UILaunchStoryboardName = LaunchScreen;
				INFOPLIST_KEY_UIMainStoryboardFile = "";
				INFOPLIST_KEY_UISupportedInterfaceOrientations_iPad = "UIInterfaceOrientationPortrait UIInterfaceOrientationPortraitUpsideDown UIInterfaceOrientationLandscapeLeft UIInterfaceOrientationLandscapeRight";
				INFOPLIST_KEY_UISupportedInterfaceOrientations_iPhone = "UIInterfaceOrientationPortrait UIInterfaceOrientationLandscapeLeft UIInterfaceOrientationLandscapeRight";
				LD_RUNPATH_SEARCH_PATHS = (
					"$(inherited)",
					"@executable_path/Frameworks",
				);
				MARKETING_VERSION = 1.0;
				PRODUCT_BUNDLE_IDENTIFIER = com.ycompany.InfiniteLayoutExample;
				PRODUCT_NAME = "$(TARGET_NAME)";
				SWIFT_EMIT_LOC_STRINGS = YES;
				SWIFT_VERSION = 5.0;
				TARGETED_DEVICE_FAMILY = "1,2";
			};
			name = Release;
		};
		AD4EF72C2872B84F000F28FD /* Debug */ = {
			isa = XCBuildConfiguration;
			buildSettings = {
				ALWAYS_EMBED_SWIFT_STANDARD_LIBRARIES = YES;
				BUNDLE_LOADER = "$(TEST_HOST)";
				CODE_SIGN_STYLE = Automatic;
				CURRENT_PROJECT_VERSION = 1;
				DEVELOPMENT_TEAM = HDFLLXK789;
				GENERATE_INFOPLIST_FILE = YES;
				IPHONEOS_DEPLOYMENT_TARGET = 15.2;
				MARKETING_VERSION = 1.0;
				PRODUCT_BUNDLE_IDENTIFIER = com.ycompany.InfiniteLayoutExampleTests;
				PRODUCT_NAME = "$(TARGET_NAME)";
				SWIFT_EMIT_LOC_STRINGS = NO;
				SWIFT_VERSION = 5.0;
				TARGETED_DEVICE_FAMILY = "1,2";
				TEST_HOST = "$(BUILT_PRODUCTS_DIR)/InfiniteLayoutExample.app/InfiniteLayoutExample";
			};
			name = Debug;
		};
		AD4EF72D2872B84F000F28FD /* Release */ = {
			isa = XCBuildConfiguration;
			buildSettings = {
				ALWAYS_EMBED_SWIFT_STANDARD_LIBRARIES = YES;
				BUNDLE_LOADER = "$(TEST_HOST)";
				CODE_SIGN_STYLE = Automatic;
				CURRENT_PROJECT_VERSION = 1;
				DEVELOPMENT_TEAM = HDFLLXK789;
				GENERATE_INFOPLIST_FILE = YES;
				IPHONEOS_DEPLOYMENT_TARGET = 15.2;
				MARKETING_VERSION = 1.0;
				PRODUCT_BUNDLE_IDENTIFIER = com.ycompany.InfiniteLayoutExampleTests;
				PRODUCT_NAME = "$(TARGET_NAME)";
				SWIFT_EMIT_LOC_STRINGS = NO;
				SWIFT_VERSION = 5.0;
				TARGETED_DEVICE_FAMILY = "1,2";
				TEST_HOST = "$(BUILT_PRODUCTS_DIR)/InfiniteLayoutExample.app/InfiniteLayoutExample";
			};
			name = Release;
		};
		AD4EF72F2872B84F000F28FD /* Debug */ = {
			isa = XCBuildConfiguration;
			buildSettings = {
				ALWAYS_EMBED_SWIFT_STANDARD_LIBRARIES = YES;
				CODE_SIGN_STYLE = Automatic;
				CURRENT_PROJECT_VERSION = 1;
				DEVELOPMENT_TEAM = HDFLLXK789;
				GENERATE_INFOPLIST_FILE = YES;
				MARKETING_VERSION = 1.0;
				PRODUCT_BUNDLE_IDENTIFIER = com.ycompany.InfiniteLayoutExampleUITests;
				PRODUCT_NAME = "$(TARGET_NAME)";
				SWIFT_EMIT_LOC_STRINGS = NO;
				SWIFT_VERSION = 5.0;
				TARGETED_DEVICE_FAMILY = "1,2";
				TEST_TARGET_NAME = InfiniteLayoutExample;
			};
			name = Debug;
		};
		AD4EF7302872B84F000F28FD /* Release */ = {
			isa = XCBuildConfiguration;
			buildSettings = {
				ALWAYS_EMBED_SWIFT_STANDARD_LIBRARIES = YES;
				CODE_SIGN_STYLE = Automatic;
				CURRENT_PROJECT_VERSION = 1;
				DEVELOPMENT_TEAM = HDFLLXK789;
				GENERATE_INFOPLIST_FILE = YES;
				MARKETING_VERSION = 1.0;
				PRODUCT_BUNDLE_IDENTIFIER = com.ycompany.InfiniteLayoutExampleUITests;
				PRODUCT_NAME = "$(TARGET_NAME)";
				SWIFT_EMIT_LOC_STRINGS = NO;
				SWIFT_VERSION = 5.0;
				TARGETED_DEVICE_FAMILY = "1,2";
				TEST_TARGET_NAME = InfiniteLayoutExample;
			};
			name = Release;
		};
/* End XCBuildConfiguration section */

/* Begin XCConfigurationList section */
		AD4EF6F92872B84C000F28FD /* Build configuration list for PBXProject "InfiniteLayoutExample" */ = {
			isa = XCConfigurationList;
			buildConfigurations = (
				AD4EF7262872B84F000F28FD /* Debug */,
				AD4EF7272872B84F000F28FD /* Release */,
			);
			defaultConfigurationIsVisible = 0;
			defaultConfigurationName = Release;
		};
		AD4EF7282872B84F000F28FD /* Build configuration list for PBXNativeTarget "InfiniteLayoutExample" */ = {
			isa = XCConfigurationList;
			buildConfigurations = (
				AD4EF7292872B84F000F28FD /* Debug */,
				AD4EF72A2872B84F000F28FD /* Release */,
			);
			defaultConfigurationIsVisible = 0;
			defaultConfigurationName = Release;
		};
		AD4EF72B2872B84F000F28FD /* Build configuration list for PBXNativeTarget "InfiniteLayoutExampleTests" */ = {
			isa = XCConfigurationList;
			buildConfigurations = (
				AD4EF72C2872B84F000F28FD /* Debug */,
				AD4EF72D2872B84F000F28FD /* Release */,
			);
			defaultConfigurationIsVisible = 0;
			defaultConfigurationName = Release;
		};
		AD4EF72E2872B84F000F28FD /* Build configuration list for PBXNativeTarget "InfiniteLayoutExampleUITests" */ = {
			isa = XCConfigurationList;
			buildConfigurations = (
				AD4EF72F2872B84F000F28FD /* Debug */,
				AD4EF7302872B84F000F28FD /* Release */,
			);
			defaultConfigurationIsVisible = 0;
			defaultConfigurationName = Release;
		};
/* End XCConfigurationList section */
	};
	rootObject = AD4EF6F62872B84C000F28FD /* Project object */;
}
